
Microsoft Visual Studio Solution File, Format Version 12.00
# Visual Studio Version 17
VisualStudioVersion = 17.0.31903.59
MinimumVisualStudioVersion = 10.0.40219.1
Project("{9A19103F-16F7-4668-BE54-9A1E7A4F7556}") = "GradesApp3", "GradesApp3\GradesApp3.csproj", "{BD443DF5-01BD-4B30-8542-3332C1D46CD3}"
EndProject
Project("{9A19103F-16F7-4668-BE54-9A1E7A4F7556}") = "GradesTest", "GradesTest\GradesTest.csproj", "{703E8635-3B35-469F-863F-49E25C1C2B68}"
EndProject
Global
	GlobalSection(SolutionConfigurationPlatforms) = preSolution
		Debug|Any CPU = Debug|Any CPU
		Release|Any CPU = Release|Any CPU
	EndGlobalSection
	GlobalSection(ProjectConfigurationPlatforms) = postSolution
		{BD443DF5-01BD-4B30-8542-3332C1D46CD3}.Debug|Any CPU.ActiveCfg = Debug|Any CPU
		{BD443DF5-01BD-4B30-8542-3332C1D46CD3}.Debug|Any CPU.Build.0 = Debug|Any CPU
		{BD443DF5-01BD-4B30-8542-3332C1D46CD3}.Release|Any CPU.ActiveCfg = Release|Any CPU
		{BD443DF5-01BD-4B30-8542-3332C1D46CD3}.Release|Any CPU.Build.0 = Release|Any CPU
		{703E8635-3B35-469F-863F-49E25C1C2B68}.Debug|Any CPU.ActiveCfg = Debug|Any CPU
		{703E8635-3B35-469F-863F-49E25C1C2B68}.Debug|Any CPU.Build.0 = Debug|Any CPU
		{703E8635-3B35-469F-863F-49E25C1C2B68}.Release|Any CPU.ActiveCfg = Release|Any CPU
		{703E8635-3B35-469F-863F-49E25C1C2B68}.Release|Any CPU.Build.0 = Release|Any CPU
	EndGlobalSection
	GlobalSection(SolutionProperties) = preSolution
		HideSolutionNode = FALSE
	EndGlobalSection
EndGlobal
